
Microsoft Visual Studio Solution File, Format Version 12.00
# Visual Studio Version 17
VisualStudioVersion = 17.4.33103.184
MinimumVisualStudioVersion = 10.0.40219.1
Project("{FAE04EC0-301F-11D3-BF4B-00C04F79EFBC}") = "WorkshopTestIntApp", "WorkshopTestIntApp.csproj", "{57B798F0-45AD-404D-ABEC-46AD5AE83BA1}"
EndProject
Project("{FAE04EC0-301F-11D3-BF4B-00C04F79EFBC}") = "WorkshopTestIntApp_UnitTest", "WorkshopTestIntApp_UnitTest\WorkshopTestIntApp_UnitTest.csproj", "{9CFA5FCE-1C5A-484E-994A-66E9F00FDAD4}"
EndProject
Project("{FAE04EC0-301F-11D3-BF4B-00C04F79EFBC}") = "WorkshopTestIntApp_IntTest", "WorkshopTestIntApp_IntTest\WorkshopTestIntApp_IntTest.csproj", "{14CD8573-FCF3-483B-8242-324A18DBCF59}"
EndProject
Global
	GlobalSection(SolutionConfigurationPlatforms) = preSolution
		Debug|Any CPU = Debug|Any CPU
		Release|Any CPU = Release|Any CPU
	EndGlobalSection
	GlobalSection(ProjectConfigurationPlatforms) = postSolution
		{57B798F0-45AD-404D-ABEC-46AD5AE83BA1}.Debug|Any CPU.ActiveCfg = Debug|Any CPU
		{57B798F0-45AD-404D-ABEC-46AD5AE83BA1}.Debug|Any CPU.Build.0 = Debug|Any CPU
		{57B798F0-45AD-404D-ABEC-46AD5AE83BA1}.Release|Any CPU.ActiveCfg = Release|Any CPU
		{57B798F0-45AD-404D-ABEC-46AD5AE83BA1}.Release|Any CPU.Build.0 = Release|Any CPU
		{9CFA5FCE-1C5A-484E-994A-66E9F00FDAD4}.Debug|Any CPU.ActiveCfg = Debug|Any CPU
		{9CFA5FCE-1C5A-484E-994A-66E9F00FDAD4}.Debug|Any CPU.Build.0 = Debug|Any CPU
		{9CFA5FCE-1C5A-484E-994A-66E9F00FDAD4}.Release|Any CPU.ActiveCfg = Release|Any CPU
		{9CFA5FCE-1C5A-484E-994A-66E9F00FDAD4}.Release|Any CPU.Build.0 = Release|Any CPU
		{14CD8573-FCF3-483B-8242-324A18DBCF59}.Debug|Any CPU.ActiveCfg = Debug|Any CPU
		{14CD8573-FCF3-483B-8242-324A18DBCF59}.Debug|Any CPU.Build.0 = Debug|Any CPU
		{14CD8573-FCF3-483B-8242-324A18DBCF59}.Release|Any CPU.ActiveCfg = Release|Any CPU
		{14CD8573-FCF3-483B-8242-324A18DBCF59}.Release|Any CPU.Build.0 = Release|Any CPU
	EndGlobalSection
	GlobalSection(SolutionProperties) = preSolution
		HideSolutionNode = FALSE
	EndGlobalSection
	GlobalSection(ExtensibilityGlobals) = postSolution
		SolutionGuid = {E6673E29-678A-4FD6-98A4-E85F26D0F9EC}
	EndGlobalSection
EndGlobal
